
Microsoft Visual Studio Solution File, Format Version 12.00
# Visual Studio Version 16
VisualStudioVersion = 16.0.28922.388
MinimumVisualStudioVersion = 10.0.40219.1
Project("{9A19103F-16F7-4668-BE54-9A1E7A4F7556}") = "kpssPacketHandler", "kpssPacketHandler\kpssPacketHandler.csproj", "{CC020484-969D-4A46-A03E-A21A14558F65}"
EndProject
Project("{FAE04EC0-301F-11D3-BF4B-00C04F79EFBC}") = "Client", "Client\Client.csproj", "{58E8ED1E-4B60-44A0-8953-599052550CE4}"
EndProject
Global
	GlobalSection(SolutionConfigurationPlatforms) = preSolution
		Debug|Any CPU = Debug|Any CPU
		Release|Any CPU = Release|Any CPU
	EndGlobalSection
	GlobalSection(ProjectConfigurationPlatforms) = postSolution
		{CC020484-969D-4A46-A03E-A21A14558F65}.Debug|Any CPU.ActiveCfg = Debug|Any CPU
		{CC020484-969D-4A46-A03E-A21A14558F65}.Debug|Any CPU.Build.0 = Debug|Any CPU
		{CC020484-969D-4A46-A03E-A21A14558F65}.Release|Any CPU.ActiveCfg = Release|Any CPU
		{CC020484-969D-4A46-A03E-A21A14558F65}.Release|Any CPU.Build.0 = Release|Any CPU
		{58E8ED1E-4B60-44A0-8953-599052550CE4}.Debug|Any CPU.ActiveCfg = Debug|Any CPU
		{58E8ED1E-4B60-44A0-8953-599052550CE4}.Debug|Any CPU.Build.0 = Debug|Any CPU
		{58E8ED1E-4B60-44A0-8953-599052550CE4}.Release|Any CPU.ActiveCfg = Release|Any CPU
		{58E8ED1E-4B60-44A0-8953-599052550CE4}.Release|Any CPU.Build.0 = Release|Any CPU
	EndGlobalSection
	GlobalSection(SolutionProperties) = preSolution
		HideSolutionNode = FALSE
	EndGlobalSection
	GlobalSection(ExtensibilityGlobals) = postSolution
		SolutionGuid = {97DD1C1C-2462-44F0-8326-8A0DC8AEB32A}
	EndGlobalSection
EndGlobal
